
Microsoft Visual Studio Solution File, Format Version 12.00
# Visual Studio Version 16
VisualStudioVersion = 16.0.31624.102
MinimumVisualStudioVersion = 10.0.40219.1
Project("{FAE04EC0-301F-11D3-BF4B-00C04F79EFBC}") = "Ticket Management System", "Ticket Management System.csproj", "{71D72B08-E424-44AD-9114-95317538096A}"
EndProject
Global
	GlobalSection(SolutionConfigurationPlatforms) = preSolution
		Debug|Any CPU = Debug|Any CPU
		Release|Any CPU = Release|Any CPU
	EndGlobalSection
	GlobalSection(ProjectConfigurationPlatforms) = postSolution
		{71D72B08-E424-44AD-9114-95317538096A}.Debug|Any CPU.ActiveCfg = Debug|Any CPU
		{71D72B08-E424-44AD-9114-95317538096A}.Debug|Any CPU.Build.0 = Debug|Any CPU
		{71D72B08-E424-44AD-9114-95317538096A}.Release|Any CPU.ActiveCfg = Release|Any CPU
		{71D72B08-E424-44AD-9114-95317538096A}.Release|Any CPU.Build.0 = Release|Any CPU
	EndGlobalSection
	GlobalSection(SolutionProperties) = preSolution
		HideSolutionNode = FALSE
	EndGlobalSection
	GlobalSection(ExtensibilityGlobals) = postSolution
		SolutionGuid = {B20145A4-3C80-47B2-8D92-D94DFE351522}
	EndGlobalSection
EndGlobal
